github.com/BurntSushi/toml v0.3.1/go.mod h1:xHWCNGjB5oqiDr8zfno3MHue2Ht5sIBksp03qcyfWMU=
github.com/bitly/go-hostpool v0.0.0-20171023180738-a3a6125de932/go.mod h1:NOuUCSz6Q9T7+igc/hlvDOUdtWKryOrtFyIVABv/p7k=
github.com/bitly/timer_metrics v0.0.0-20170606164300-b1c65ca7ae62/go.mod h1:EJqiy/5FjJk5tEOxXhnxvFijOmeB5ka1D2fvqHOXUXA=
github.com/blang/semver v3.5.1+incompatible/go.mod h1:kRBLl5iJ+tD4TcOOxsy/0fnwebNt5EWlYSAyrTnjyyk=
github.com/bmizerany/perks v0.0.0-20141205001514-d9a9656a3a4b/go.mod h1:ac9efd0D1fsDb3EJvhqgXRbFx7bs2wqZ10HQPeU8U/Q=
github.com/davecgh/go-spew v1.1.0/go.mod h1:J7Y8YcW2NihsgmVo/mv3lAwl/skON4iLHjSsI+c5H38=
github.com/davecgh/go-spew v1.1.1/go.mod h1:J7Y8YcW2NihsgmVo/mv3lAwl/skON4iLHjSsI+c5H38=
github.com/go-redis/redis v6.15.8+incompatible h1:BKZuG6mCnRj5AOaWJXoCgf6rqTYnYJLe4en2hxT7r9o=
github.com/go-redis/redis v6.15.8+incompatible/go.mod h1:NAIEuMOZ/fxfXJIrKDQDz8wamY7mA7PouImQ2Jvg6kA=
github.com/go-sql-driver/mysql v1.4.0/go.mod h1:zAC/RDZ24gD3HViQzih4MyKcchzm+sOG5ZlKdlhCg5w=
github.com/go-sql-driver/mysql v1.5.0 h1:ozyZYNQW3x3HtqT1jira07DN2PArx2v7/mN66gGcHOs=
github.com/go-sql-driver/mysql v1.5.0/go.mod h1:DCzpHaOWr8IXmIStZouvnhqoel9Qv2LBy8hT2VhHyBg=
github.com/golang/snappy v0.0.0-20180518054509-2e65f85255db/go.mod h1:/XxbfmMg8lxefKM7IXC3fBNl/7bRcc72aCRzEWrmP2Q=
github.com/gomodule/redigo v1.8.1 h1:Abmo0bI7Xf0IhdIPc7HZQzZcShdnmxeoVuDDtIQp8N8=
github.com/gomodule/redigo v1.8.1/go.mod h1:P9dn9mFrCBvWhGE1wpxx6fgq7BAeLBk+UUUzlpkBYO0=
github.com/gomodule/redigo/redis v0.0.0-do-not-use h1:J7XIp6Kau0WoyT4JtXHT3Ei0gA1KkSc6bc87j9v9WIo=
github.com/jmoiron/sqlx v1.2.0 h1:41Ip0zITnmWNR/vHV+S4m+VoUivnWY5E4OJfLZjCJMA=
github.com/jmoiron/sqlx v1.2.0/go.mod h1:1FEQNm3xlJgrMD+FBdI9+xvCksHtbpVBBw5dYhBSsks=
github.com/judwhite/go-svc v1.0.0/go.mod h1:EeMSAFO3mLgEQfcvnZ50JDG0O1uQlagpAbMS6talrXE=
github.com/julienschmidt/httprouter v1.2.0/go.mod h1:SYymIcj16QtmaHHD7aYtjjsJG7VTCxuUUipMqKk8s4w=
github.com/lib/pq v1.0.0/go.mod h1:5WUZQaWbwv1U+lTReE5YruASi9Al49XbQIvNi/34Woo=
github.com/mattn/go-sqlite3 v1.9.0/go.mod h1:FPy6KqzDD04eiIsT53CuJW3U88zkxoIYsOqkbpncsNc=
github.com/mreiferson/go-options v0.0.0-20190302015348-0c63f026bcd6/go.mod h1:zHtCks/HQvOt8ATyfwVe3JJq2PPuImzXINPRTC03+9w=
github.com/nsqio/go-diskqueue v0.0.0-20180306152900-74cfbc9de839/go.mod h1:AYinRDfdKMmVKTPI8wOcLgjcw2pTS3jo8fib1VxOzsE=
github.com/nsqio/go-nsq v1.0.7/go.mod h1:XP5zaUs3pqf+Q71EqUJs3HYfBIqfK6G83WQMdNN+Ito=
github.com/nsqio/nsq v1.2.0 h1:inbQG4LAl8PpMMZAUi0FhLvjQ+57wOfPzWczVFdng7Q=
github.com/nsqio/nsq v1.2.0/go.mod h1:hrx5K/ukZ1mebJBTNpv6og98a7I5zR279qjYNPdgdL0=
github.com/pmezard/go-difflib v1.0.0/go.mod h1:iKH77koFhYxTK1pcRnkKkqfTogsbg7gZNVY4sRDYZ/4=
github.com/stretchr/objx v0.1.0/go.mod h1:HFkY916IF+rwdDfMAkV7OtwuqBVzrE8GR6GFx+wExME=
github.com/stretchr/testify v1.2.2/go.mod h1:a8OnRcib4nhh0OaRAV+Yts87kKdq0PP7pXfy6kDkUVs=
github.com/stretchr/testify v1.5.1/go.mod h1:5W2xD1RspED5o8YsWQXVCued0rvSQ+mT+I5cxcmMvtA=
golang.org/x/sys v0.0.0-20181221143128-b4a75ba826a6/go.mod h1:STP8DvDyc/dI5b8T5hshtkjS+E42TnysNCUPdjciGhY=
gopkg.in/check.v1 v0.0.0-20161208181325-20d25e280405/go.mod h1:Co6ibVJAznAaIkqp8huTwlJQCZ016jof/cbN4VW5Yz0=
gopkg.in/yaml.v2 v2.2.2/go.mod h1:hI93XBmqTisBFMUTm0b8Fm+jr3Dg1NNxqwp+5A1VGuI=
